
Microsoft Visual Studio Solution File, Format Version 12.00
# Visual Studio Version 17
VisualStudioVersion = 17.0.32014.148
MinimumVisualStudioVersion = 10.0.40219.1
Project("{FAE04EC0-301F-11D3-BF4B-00C04F79EFBC}") = "MCBAWebApplication", "MCBAWebApplication\MCBAWebApplication.csproj", "{E57A3ABF-88A2-4FE0-9418-2DFBB0F9FE96}"
EndProject
Global
	GlobalSection(SolutionConfigurationPlatforms) = preSolution
		Debug|Any CPU = Debug|Any CPU
		Release|Any CPU = Release|Any CPU
	EndGlobalSection
	GlobalSection(ProjectConfigurationPlatforms) = postSolution
		{E57A3ABF-88A2-4FE0-9418-2DFBB0F9FE96}.Debug|Any CPU.ActiveCfg = Debug|Any CPU
		{E57A3ABF-88A2-4FE0-9418-2DFBB0F9FE96}.Debug|Any CPU.Build.0 = Debug|Any CPU
		{E57A3ABF-88A2-4FE0-9418-2DFBB0F9FE96}.Release|Any CPU.ActiveCfg = Release|Any CPU
		{E57A3ABF-88A2-4FE0-9418-2DFBB0F9FE96}.Release|Any CPU.Build.0 = Release|Any CPU
	EndGlobalSection
	GlobalSection(SolutionProperties) = preSolution
		HideSolutionNode = FALSE
	EndGlobalSection
	GlobalSection(ExtensibilityGlobals) = postSolution
		SolutionGuid = {60068C48-D898-4DE1-BB93-525D0C4D7680}
	EndGlobalSection
EndGlobal
